
Microsoft Visual Studio Solution File, Format Version 12.00
# Visual Studio Version 16
VisualStudioVersion = 16.0.31613.86
MinimumVisualStudioVersion = 10.0.40219.1
Project("{FAE04EC0-301F-11D3-BF4B-00C04F79EFBC}") = "PhotoGallery", "PhotoGallery.csproj", "{BAF40E72-FD5C-4170-BD43-F05AA8BF9A23}"
EndProject
Global
	GlobalSection(SolutionConfigurationPlatforms) = preSolution
		Debug|Any CPU = Debug|Any CPU
		Release|Any CPU = Release|Any CPU
	EndGlobalSection
	GlobalSection(ProjectConfigurationPlatforms) = postSolution
		{BAF40E72-FD5C-4170-BD43-F05AA8BF9A23}.Debug|Any CPU.ActiveCfg = Debug|Any CPU
		{BAF40E72-FD5C-4170-BD43-F05AA8BF9A23}.Debug|Any CPU.Build.0 = Debug|Any CPU
		{BAF40E72-FD5C-4170-BD43-F05AA8BF9A23}.Release|Any CPU.ActiveCfg = Release|Any CPU
		{BAF40E72-FD5C-4170-BD43-F05AA8BF9A23}.Release|Any CPU.Build.0 = Release|Any CPU
	EndGlobalSection
	GlobalSection(SolutionProperties) = preSolution
		HideSolutionNode = FALSE
	EndGlobalSection
	GlobalSection(ExtensibilityGlobals) = postSolution
		SolutionGuid = {1CB12E3C-DE4B-495D-A4BA-58C1095CF1C2}
	EndGlobalSection
EndGlobal
